
Microsoft Visual Studio Solution File, Format Version 12.00
# Visual Studio 2013
VisualStudioVersion = 12.0.30723.0
MinimumVisualStudioVersion = 10.0.40219.1
Project("{2150E333-8FDC-42A3-9474-1A3956D46DE8}") = "Application", "Application", "{74042738-30F6-4006-B57A-3750F9423407}"
	ProjectSection(SolutionItems) = preProject
		Application\README.md = Application\README.md
	EndProjectSection
EndProject
Project("{2150E333-8FDC-42A3-9474-1A3956D46DE8}") = "Domain", "Domain", "{840636F7-1BD4-480F-AD7A-2282F15D7A88}"
	ProjectSection(SolutionItems) = preProject
		Domain\README.md = Domain\README.md
	EndProjectSection
EndProject
Project("{2150E333-8FDC-42A3-9474-1A3956D46DE8}") = "Infrastructure", "Infrastructure", "{C4243940-753C-4C29-BD4C-91EE38A56837}"
EndProject
Project("{FAE04EC0-301F-11D3-BF4B-00C04F79EFBC}") = "Application.Inventory", "Application\Application.Inventory\Application.Inventory.csproj", "{2F966DEA-AFCB-49E2-BE7C-85FC0706EAD6}"
EndProject
Project("{FAE04EC0-301F-11D3-BF4B-00C04F79EFBC}") = "Application", "Application\Application\Application.csproj", "{0F29CE85-6692-4F48-A48C-31EB1FA05977}"
EndProject
Project("{FAE04EC0-301F-11D3-BF4B-00C04F79EFBC}") = "Domain.Inventory", "Domain\Domain.Inventory\Domain.Inventory.csproj", "{65DF737F-99E5-452C-A533-8EE25109CAFD}"
EndProject
Project("{FAE04EC0-301F-11D3-BF4B-00C04F79EFBC}") = "Domain", "Domain\Domain\Domain.csproj", "{41EE3714-98E2-4D18-B259-BDCF3250C0D2}"
EndProject
Project("{FAE04EC0-301F-11D3-BF4B-00C04F79EFBC}") = "Library", "Infrastructure\Library\Library.csproj", "{B209FCC1-8A94-42CB-9D26-BCB4EE991FFB}"
EndProject
Project("{2150E333-8FDC-42A3-9474-1A3956D46DE8}") = "Solution Items", "Solution Items", "{5A5EFA4C-A89A-4C45-8C1A-9196EDB3ABF2}"
	ProjectSection(SolutionItems) = preProject
		README.md = README.md
	EndProjectSection
EndProject
Project("{FAE04EC0-301F-11D3-BF4B-00C04F79EFBC}") = "DemoMessages", "DemoMessages\DemoMessages.csproj", "{A4DFC71C-F689-4016-9846-C072215CDE41}"
EndProject
Project("{2150E333-8FDC-42A3-9474-1A3956D46DE8}") = "Presentation", "Presentation", "{BBCCEC16-28B5-4D2D-8E9B-3EE8546F47A4}"
EndProject
Project("{FAE04EC0-301F-11D3-BF4B-00C04F79EFBC}") = "Presentation", "Presentation\Presentation\Presentation.csproj", "{A87E9881-3DDE-4FBF-BD75-B87073DF584E}"
EndProject
Project("{FAE04EC0-301F-11D3-BF4B-00C04F79EFBC}") = "Presentation.Inventory", "Presentation\Presentation.Inventory\Presentation.Inventory.csproj", "{69940968-98C5-43BF-AE4E-05D80438F2F4}"
EndProject
Project("{FAE04EC0-301F-11D3-BF4B-00C04F79EFBC}") = "Library.Unit", "Infrastructure\Library.Unit\Library.Unit.csproj", "{72113339-B9F9-4993-9353-633C2E3D5FF6}"
EndProject
Project("{FAE04EC0-301F-11D3-BF4B-00C04F79EFBC}") = "Domain.Inventory.Messages", "Domain\Domain.Inventory.Messages\Domain.Inventory.Messages.csproj", "{47EEDDC9-F335-4833-9972-1892A2B2AC88}"
EndProject
Project("{FAE04EC0-301F-11D3-BF4B-00C04F79EFBC}") = "Presentation.Inventory.Models", "Presentation\Presentation.Inventory.Models\Presentation.Inventory.Models.csproj", "{F387CC3D-99CE-4CA2-A877-B98137C1AB02}"
EndProject
Project("{FAE04EC0-301F-11D3-BF4B-00C04F79EFBC}") = "Application.Inventory.Messages", "Application\Application.Inventory.Messages\Application.Inventory.Messages.csproj", "{30C5D76B-1730-478C-AA9E-186D738E7F54}"
EndProject
Project("{FAE04EC0-301F-11D3-BF4B-00C04F79EFBC}") = "Library.ServiceStack", "Infrastructure\Library.ServiceStack\Library.ServiceStack.csproj", "{18822E29-9A73-4F81-815C-6289465F6DF2}"
EndProject
Project("{FAE04EC0-301F-11D3-BF4B-00C04F79EFBC}") = "Presentation.Models", "Presentation\Presentation.Models\Presentation.Models.csproj", "{D5499EE8-6793-497A-AD08-2A8042E3E0CA}"
EndProject
Global
	GlobalSection(SolutionConfigurationPlatforms) = preSolution
		Debug|Any CPU = Debug|Any CPU
		Release|Any CPU = Release|Any CPU
	EndGlobalSection
	GlobalSection(ProjectConfigurationPlatforms) = postSolution
		{2F966DEA-AFCB-49E2-BE7C-85FC0706EAD6}.Debug|Any CPU.ActiveCfg = Debug|Any CPU
		{2F966DEA-AFCB-49E2-BE7C-85FC0706EAD6}.Debug|Any CPU.Build.0 = Debug|Any CPU
		{2F966DEA-AFCB-49E2-BE7C-85FC0706EAD6}.Release|Any CPU.ActiveCfg = Release|Any CPU
		{2F966DEA-AFCB-49E2-BE7C-85FC0706EAD6}.Release|Any CPU.Build.0 = Release|Any CPU
		{0F29CE85-6692-4F48-A48C-31EB1FA05977}.Debug|Any CPU.ActiveCfg = Debug|Any CPU
		{0F29CE85-6692-4F48-A48C-31EB1FA05977}.Debug|Any CPU.Build.0 = Debug|Any CPU
		{0F29CE85-6692-4F48-A48C-31EB1FA05977}.Release|Any CPU.ActiveCfg = Release|Any CPU
		{0F29CE85-6692-4F48-A48C-31EB1FA05977}.Release|Any CPU.Build.0 = Release|Any CPU
		{65DF737F-99E5-452C-A533-8EE25109CAFD}.Debug|Any CPU.ActiveCfg = Debug|Any CPU
		{65DF737F-99E5-452C-A533-8EE25109CAFD}.Debug|Any CPU.Build.0 = Debug|Any CPU
		{65DF737F-99E5-452C-A533-8EE25109CAFD}.Release|Any CPU.ActiveCfg = Release|Any CPU
		{65DF737F-99E5-452C-A533-8EE25109CAFD}.Release|Any CPU.Build.0 = Release|Any CPU
		{41EE3714-98E2-4D18-B259-BDCF3250C0D2}.Debug|Any CPU.ActiveCfg = Debug|Any CPU
		{41EE3714-98E2-4D18-B259-BDCF3250C0D2}.Debug|Any CPU.Build.0 = Debug|Any CPU
		{41EE3714-98E2-4D18-B259-BDCF3250C0D2}.Release|Any CPU.ActiveCfg = Release|Any CPU
		{41EE3714-98E2-4D18-B259-BDCF3250C0D2}.Release|Any CPU.Build.0 = Release|Any CPU
		{B209FCC1-8A94-42CB-9D26-BCB4EE991FFB}.Debug|Any CPU.ActiveCfg = Debug|Any CPU
		{B209FCC1-8A94-42CB-9D26-BCB4EE991FFB}.Debug|Any CPU.Build.0 = Debug|Any CPU
		{B209FCC1-8A94-42CB-9D26-BCB4EE991FFB}.Release|Any CPU.ActiveCfg = Release|Any CPU
		{B209FCC1-8A94-42CB-9D26-BCB4EE991FFB}.Release|Any CPU.Build.0 = Release|Any CPU
		{A4DFC71C-F689-4016-9846-C072215CDE41}.Debug|Any CPU.ActiveCfg = Debug|Any CPU
		{A4DFC71C-F689-4016-9846-C072215CDE41}.Debug|Any CPU.Build.0 = Debug|Any CPU
		{A4DFC71C-F689-4016-9846-C072215CDE41}.Release|Any CPU.ActiveCfg = Release|Any CPU
		{A4DFC71C-F689-4016-9846-C072215CDE41}.Release|Any CPU.Build.0 = Release|Any CPU
		{A87E9881-3DDE-4FBF-BD75-B87073DF584E}.Debug|Any CPU.ActiveCfg = Debug|Any CPU
		{A87E9881-3DDE-4FBF-BD75-B87073DF584E}.Debug|Any CPU.Build.0 = Debug|Any CPU
		{A87E9881-3DDE-4FBF-BD75-B87073DF584E}.Release|Any CPU.ActiveCfg = Release|Any CPU
		{A87E9881-3DDE-4FBF-BD75-B87073DF584E}.Release|Any CPU.Build.0 = Release|Any CPU
		{69940968-98C5-43BF-AE4E-05D80438F2F4}.Debug|Any CPU.ActiveCfg = Debug|Any CPU
		{69940968-98C5-43BF-AE4E-05D80438F2F4}.Debug|Any CPU.Build.0 = Debug|Any CPU
		{69940968-98C5-43BF-AE4E-05D80438F2F4}.Release|Any CPU.ActiveCfg = Release|Any CPU
		{69940968-98C5-43BF-AE4E-05D80438F2F4}.Release|Any CPU.Build.0 = Release|Any CPU
		{72113339-B9F9-4993-9353-633C2E3D5FF6}.Debug|Any CPU.ActiveCfg = Debug|Any CPU
		{72113339-B9F9-4993-9353-633C2E3D5FF6}.Debug|Any CPU.Build.0 = Debug|Any CPU
		{72113339-B9F9-4993-9353-633C2E3D5FF6}.Release|Any CPU.ActiveCfg = Release|Any CPU
		{72113339-B9F9-4993-9353-633C2E3D5FF6}.Release|Any CPU.Build.0 = Release|Any CPU
		{47EEDDC9-F335-4833-9972-1892A2B2AC88}.Debug|Any CPU.ActiveCfg = Debug|Any CPU
		{47EEDDC9-F335-4833-9972-1892A2B2AC88}.Debug|Any CPU.Build.0 = Debug|Any CPU
		{47EEDDC9-F335-4833-9972-1892A2B2AC88}.Release|Any CPU.ActiveCfg = Release|Any CPU
		{47EEDDC9-F335-4833-9972-1892A2B2AC88}.Release|Any CPU.Build.0 = Release|Any CPU
		{F387CC3D-99CE-4CA2-A877-B98137C1AB02}.Debug|Any CPU.ActiveCfg = Debug|Any CPU
		{F387CC3D-99CE-4CA2-A877-B98137C1AB02}.Debug|Any CPU.Build.0 = Debug|Any CPU
		{F387CC3D-99CE-4CA2-A877-B98137C1AB02}.Release|Any CPU.ActiveCfg = Release|Any CPU
		{F387CC3D-99CE-4CA2-A877-B98137C1AB02}.Release|Any CPU.Build.0 = Release|Any CPU
		{30C5D76B-1730-478C-AA9E-186D738E7F54}.Debug|Any CPU.ActiveCfg = Debug|Any CPU
		{30C5D76B-1730-478C-AA9E-186D738E7F54}.Debug|Any CPU.Build.0 = Debug|Any CPU
		{30C5D76B-1730-478C-AA9E-186D738E7F54}.Release|Any CPU.ActiveCfg = Release|Any CPU
		{30C5D76B-1730-478C-AA9E-186D738E7F54}.Release|Any CPU.Build.0 = Release|Any CPU
		{18822E29-9A73-4F81-815C-6289465F6DF2}.Debug|Any CPU.ActiveCfg = Debug|Any CPU
		{18822E29-9A73-4F81-815C-6289465F6DF2}.Debug|Any CPU.Build.0 = Debug|Any CPU
		{18822E29-9A73-4F81-815C-6289465F6DF2}.Release|Any CPU.ActiveCfg = Release|Any CPU
		{18822E29-9A73-4F81-815C-6289465F6DF2}.Release|Any CPU.Build.0 = Release|Any CPU
		{D5499EE8-6793-497A-AD08-2A8042E3E0CA}.Debug|Any CPU.ActiveCfg = Debug|Any CPU
		{D5499EE8-6793-497A-AD08-2A8042E3E0CA}.Debug|Any CPU.Build.0 = Debug|Any CPU
		{D5499EE8-6793-497A-AD08-2A8042E3E0CA}.Release|Any CPU.ActiveCfg = Release|Any CPU
		{D5499EE8-6793-497A-AD08-2A8042E3E0CA}.Release|Any CPU.Build.0 = Release|Any CPU
	EndGlobalSection
	GlobalSection(SolutionProperties) = preSolution
		HideSolutionNode = FALSE
	EndGlobalSection
	GlobalSection(NestedProjects) = preSolution
		{2F966DEA-AFCB-49E2-BE7C-85FC0706EAD6} = {74042738-30F6-4006-B57A-3750F9423407}
		{0F29CE85-6692-4F48-A48C-31EB1FA05977} = {74042738-30F6-4006-B57A-3750F9423407}
		{65DF737F-99E5-452C-A533-8EE25109CAFD} = {840636F7-1BD4-480F-AD7A-2282F15D7A88}
		{41EE3714-98E2-4D18-B259-BDCF3250C0D2} = {840636F7-1BD4-480F-AD7A-2282F15D7A88}
		{B209FCC1-8A94-42CB-9D26-BCB4EE991FFB} = {C4243940-753C-4C29-BD4C-91EE38A56837}
		{A87E9881-3DDE-4FBF-BD75-B87073DF584E} = {BBCCEC16-28B5-4D2D-8E9B-3EE8546F47A4}
		{69940968-98C5-43BF-AE4E-05D80438F2F4} = {BBCCEC16-28B5-4D2D-8E9B-3EE8546F47A4}
		{72113339-B9F9-4993-9353-633C2E3D5FF6} = {C4243940-753C-4C29-BD4C-91EE38A56837}
		{47EEDDC9-F335-4833-9972-1892A2B2AC88} = {840636F7-1BD4-480F-AD7A-2282F15D7A88}
		{F387CC3D-99CE-4CA2-A877-B98137C1AB02} = {BBCCEC16-28B5-4D2D-8E9B-3EE8546F47A4}
		{30C5D76B-1730-478C-AA9E-186D738E7F54} = {74042738-30F6-4006-B57A-3750F9423407}
		{18822E29-9A73-4F81-815C-6289465F6DF2} = {C4243940-753C-4C29-BD4C-91EE38A56837}
		{D5499EE8-6793-497A-AD08-2A8042E3E0CA} = {BBCCEC16-28B5-4D2D-8E9B-3EE8546F47A4}
	EndGlobalSection
EndGlobal
