
Microsoft Visual Studio Solution File, Format Version 12.00
# Visual Studio 14
VisualStudioVersion = 14.0.22310.1
MinimumVisualStudioVersion = 10.0.40219.1
Project("{2150E333-8FDC-42A3-9474-1A3956D46DE8}") = "Application", "Application", "{C308C572-FFCA-447F-B053-B4C0EEAC8B1B}"
EndProject
Project("{2150E333-8FDC-42A3-9474-1A3956D46DE8}") = "Domain", "Domain", "{B6057F05-BB87-4B26-A720-2E2EF6436C6C}"
EndProject
Project("{2150E333-8FDC-42A3-9474-1A3956D46DE8}") = "Infrastructure", "Infrastructure", "{73EB4DB8-90E8-4515-A3D4-CF1CC296085E}"
EndProject
Project("{FAE04EC0-301F-11D3-BF4B-00C04F79EFBC}") = "Domain", "Domain\Domain\Domain.csproj", "{41EE3714-98E2-4D18-B259-BDCF3250C0D2}"
EndProject
Project("{FAE04EC0-301F-11D3-BF4B-00C04F79EFBC}") = "Library", "Infrastructure\Library\Library.csproj", "{B209FCC1-8A94-42CB-9D26-BCB4EE991FFB}"
EndProject
Project("{FAE04EC0-301F-11D3-BF4B-00C04F79EFBC}") = "Library.ServiceStack", "Infrastructure\Library.ServiceStack\Library.ServiceStack.csproj", "{18822E29-9A73-4F81-815C-6289465F6DF2}"
EndProject
Project("{FAE04EC0-301F-11D3-BF4B-00C04F79EFBC}") = "Library.Unit", "Infrastructure\Library.Unit\Library.Unit.csproj", "{72113339-B9F9-4993-9353-633C2E3D5FF6}"
EndProject
Project("{FAE04EC0-301F-11D3-BF4B-00C04F79EFBC}") = "Domain.Authentication", "Domain\Domain.Authentication\Domain.Authentication.csproj", "{A0BA8205-F757-41C1-863D-47EB3F9BE9D3}"
EndProject
Project("{FAE04EC0-301F-11D3-BF4B-00C04F79EFBC}") = "Domain.Authentication.Messages", "Domain\Domain.Authentication.Messages\Domain.Authentication.Messages.csproj", "{3C293825-DAA0-4523-9109-CF717B0D9A00}"
EndProject
Project("{FAE04EC0-301F-11D3-BF4B-00C04F79EFBC}") = "Domain.Accounting.Aggregates", "Domain\Domain.Accounting.Aggregates\Domain.Accounting.Aggregates.csproj", "{C0BEAE72-2B43-4D2F-AFD5-444065AE27CD}"
EndProject
Project("{FAE04EC0-301F-11D3-BF4B-00C04F79EFBC}") = "Domain.Accounting.Messages", "Domain\Domain.Accounting.Messages\Domain.Accounting.Messages.csproj", "{68B6427A-163E-41B9-A2B2-792A394C0814}"
EndProject
Project("{FAE04EC0-301F-11D3-BF4B-00C04F79EFBC}") = "Domain.Configuration.Messages", "Domain\Domain.Configuration.Messages\Domain.Configuration.Messages.csproj", "{3C61E443-D507-458A-8C0C-74F53E3C052D}"
EndProject
Project("{2150E333-8FDC-42A3-9474-1A3956D46DE8}") = "ServiceStack", "ServiceStack", "{D116A220-7108-43D4-A99C-6D4E27DB2D9B}"
EndProject
Project("{FAE04EC0-301F-11D3-BF4B-00C04F79EFBC}") = "ServiceStack.Authentication", "Application\ServiceStack\ServiceStack.Authentication\ServiceStack.Authentication.csproj", "{EC289046-2773-4688-9143-080D002D1567}"
EndProject
Project("{FAE04EC0-301F-11D3-BF4B-00C04F79EFBC}") = "ServiceStack.Authentication.Models", "Application\ServiceStack\ServiceStack.Authentication.Models\ServiceStack.Authentication.Models.csproj", "{D6A10A3C-D8D0-425F-9E13-E36D46F5FD48}"
EndProject
Project("{FAE04EC0-301F-11D3-BF4B-00C04F79EFBC}") = "Servicestack", "Application\ServiceStack\Servicestack\Servicestack.csproj", "{D52B0FA4-5AB9-4CFB-9D2D-BAF08643BB10}"
EndProject
Project("{FAE04EC0-301F-11D3-BF4B-00C04F79EFBC}") = "ServiceStack.Accounting", "Application\ServiceStack\ServiceStack.Accounting\ServiceStack.Accounting.csproj", "{792E83BE-BF62-445F-A930-27AA61C57582}"
EndProject
Project("{FAE04EC0-301F-11D3-BF4B-00C04F79EFBC}") = "ServiceStack.Accounting.Models", "Application\ServiceStack\ServiceStack.Accounting.Models\ServiceStack.Accounting.Models.csproj", "{84DB2924-1BB4-43FB-B533-631228492032}"
EndProject
Project("{FAE04EC0-301F-11D3-BF4B-00C04F79EFBC}") = "Domain.Configuration", "Domain\Domain.Configuration\Domain.Configuration.csproj", "{B507B824-2734-40F5-B3D6-E68C93A66AA5}"
EndProject
Project("{FAE04EC0-301F-11D3-BF4B-00C04F79EFBC}") = "Domain.Accounting", "Domain\Domain.Accounting\Domain.Accounting.csproj", "{F4B51B6F-97BE-40D0-BCB8-4CECA244E8D0}"
EndProject
Project("{FAE04EC0-301F-11D3-BF4B-00C04F79EFBC}") = "Domain.Authentication.Aggregates", "Domain\Domain.Authentication.Aggregates\Domain.Authentication.Aggregates.csproj", "{7726ADC2-103D-4249-BF62-9650DF467178}"
EndProject
Project("{FAE04EC0-301F-11D3-BF4B-00C04F79EFBC}") = "Domain.Configuration.Aggregates", "Domain\Domain.Configuration.Aggregates\Domain.Configuration.Aggregates.csproj", "{63CAF241-5BFD-43A1-B25F-3EB49872C6C5}"
EndProject
Project("{FAE04EC0-301F-11D3-BF4B-00C04F79EFBC}") = "ServiceStack.Configuration", "Application\ServiceStack\ServiceStack.Configuration\ServiceStack.Configuration.csproj", "{50AFEC15-FFA4-49DB-A806-162CD6ACD399}"
EndProject
Project("{FAE04EC0-301F-11D3-BF4B-00C04F79EFBC}") = "ServiceStack.Configuration.Models", "Application\ServiceStack\ServiceStack.Configuration.Models\ServiceStack.Configuration.Models.csproj", "{BBA54AB3-4092-457A-AE69-0D00162B4A8F}"
EndProject
Project("{FAE04EC0-301F-11D3-BF4B-00C04F79EFBC}") = "Seed", "Infrastructure\Seed\Seed.csproj", "{C8690D31-9F78-47F1-8E0E-E5CA5DC84DAB}"
EndProject
Global
	GlobalSection(SolutionConfigurationPlatforms) = preSolution
		Development|Any CPU = Development|Any CPU
		Production|Any CPU = Production|Any CPU
		Staging|Any CPU = Staging|Any CPU
	EndGlobalSection
	GlobalSection(ProjectConfigurationPlatforms) = postSolution
		{41EE3714-98E2-4D18-B259-BDCF3250C0D2}.Development|Any CPU.ActiveCfg = Development|Any CPU
		{41EE3714-98E2-4D18-B259-BDCF3250C0D2}.Development|Any CPU.Build.0 = Development|Any CPU
		{41EE3714-98E2-4D18-B259-BDCF3250C0D2}.Production|Any CPU.ActiveCfg = Production|Any CPU
		{41EE3714-98E2-4D18-B259-BDCF3250C0D2}.Production|Any CPU.Build.0 = Production|Any CPU
		{41EE3714-98E2-4D18-B259-BDCF3250C0D2}.Staging|Any CPU.ActiveCfg = Staging|Any CPU
		{41EE3714-98E2-4D18-B259-BDCF3250C0D2}.Staging|Any CPU.Build.0 = Staging|Any CPU
		{B209FCC1-8A94-42CB-9D26-BCB4EE991FFB}.Development|Any CPU.ActiveCfg = Development|Any CPU
		{B209FCC1-8A94-42CB-9D26-BCB4EE991FFB}.Development|Any CPU.Build.0 = Development|Any CPU
		{B209FCC1-8A94-42CB-9D26-BCB4EE991FFB}.Production|Any CPU.ActiveCfg = Production|Any CPU
		{B209FCC1-8A94-42CB-9D26-BCB4EE991FFB}.Production|Any CPU.Build.0 = Production|Any CPU
		{B209FCC1-8A94-42CB-9D26-BCB4EE991FFB}.Staging|Any CPU.ActiveCfg = Staging|Any CPU
		{B209FCC1-8A94-42CB-9D26-BCB4EE991FFB}.Staging|Any CPU.Build.0 = Staging|Any CPU
		{18822E29-9A73-4F81-815C-6289465F6DF2}.Development|Any CPU.ActiveCfg = Development|Any CPU
		{18822E29-9A73-4F81-815C-6289465F6DF2}.Development|Any CPU.Build.0 = Development|Any CPU
		{18822E29-9A73-4F81-815C-6289465F6DF2}.Production|Any CPU.ActiveCfg = Production|Any CPU
		{18822E29-9A73-4F81-815C-6289465F6DF2}.Production|Any CPU.Build.0 = Production|Any CPU
		{18822E29-9A73-4F81-815C-6289465F6DF2}.Staging|Any CPU.ActiveCfg = Staging|Any CPU
		{18822E29-9A73-4F81-815C-6289465F6DF2}.Staging|Any CPU.Build.0 = Staging|Any CPU
		{72113339-B9F9-4993-9353-633C2E3D5FF6}.Development|Any CPU.ActiveCfg = Development|Any CPU
		{72113339-B9F9-4993-9353-633C2E3D5FF6}.Development|Any CPU.Build.0 = Development|Any CPU
		{72113339-B9F9-4993-9353-633C2E3D5FF6}.Production|Any CPU.ActiveCfg = Production|Any CPU
		{72113339-B9F9-4993-9353-633C2E3D5FF6}.Production|Any CPU.Build.0 = Production|Any CPU
		{72113339-B9F9-4993-9353-633C2E3D5FF6}.Staging|Any CPU.ActiveCfg = Staging|Any CPU
		{72113339-B9F9-4993-9353-633C2E3D5FF6}.Staging|Any CPU.Build.0 = Staging|Any CPU
		{A0BA8205-F757-41C1-863D-47EB3F9BE9D3}.Development|Any CPU.ActiveCfg = Development|Any CPU
		{A0BA8205-F757-41C1-863D-47EB3F9BE9D3}.Development|Any CPU.Build.0 = Development|Any CPU
		{A0BA8205-F757-41C1-863D-47EB3F9BE9D3}.Production|Any CPU.ActiveCfg = Production|Any CPU
		{A0BA8205-F757-41C1-863D-47EB3F9BE9D3}.Production|Any CPU.Build.0 = Production|Any CPU
		{A0BA8205-F757-41C1-863D-47EB3F9BE9D3}.Staging|Any CPU.ActiveCfg = Staging|Any CPU
		{A0BA8205-F757-41C1-863D-47EB3F9BE9D3}.Staging|Any CPU.Build.0 = Staging|Any CPU
		{3C293825-DAA0-4523-9109-CF717B0D9A00}.Development|Any CPU.ActiveCfg = Development|Any CPU
		{3C293825-DAA0-4523-9109-CF717B0D9A00}.Development|Any CPU.Build.0 = Development|Any CPU
		{3C293825-DAA0-4523-9109-CF717B0D9A00}.Production|Any CPU.ActiveCfg = Production|Any CPU
		{3C293825-DAA0-4523-9109-CF717B0D9A00}.Production|Any CPU.Build.0 = Production|Any CPU
		{3C293825-DAA0-4523-9109-CF717B0D9A00}.Staging|Any CPU.ActiveCfg = Staging|Any CPU
		{3C293825-DAA0-4523-9109-CF717B0D9A00}.Staging|Any CPU.Build.0 = Staging|Any CPU
		{C0BEAE72-2B43-4D2F-AFD5-444065AE27CD}.Development|Any CPU.ActiveCfg = Development|Any CPU
		{C0BEAE72-2B43-4D2F-AFD5-444065AE27CD}.Development|Any CPU.Build.0 = Development|Any CPU
		{C0BEAE72-2B43-4D2F-AFD5-444065AE27CD}.Production|Any CPU.ActiveCfg = Production|Any CPU
		{C0BEAE72-2B43-4D2F-AFD5-444065AE27CD}.Production|Any CPU.Build.0 = Production|Any CPU
		{C0BEAE72-2B43-4D2F-AFD5-444065AE27CD}.Staging|Any CPU.ActiveCfg = Staging|Any CPU
		{C0BEAE72-2B43-4D2F-AFD5-444065AE27CD}.Staging|Any CPU.Build.0 = Staging|Any CPU
		{68B6427A-163E-41B9-A2B2-792A394C0814}.Development|Any CPU.ActiveCfg = Development|Any CPU
		{68B6427A-163E-41B9-A2B2-792A394C0814}.Development|Any CPU.Build.0 = Development|Any CPU
		{68B6427A-163E-41B9-A2B2-792A394C0814}.Production|Any CPU.ActiveCfg = Production|Any CPU
		{68B6427A-163E-41B9-A2B2-792A394C0814}.Production|Any CPU.Build.0 = Production|Any CPU
		{68B6427A-163E-41B9-A2B2-792A394C0814}.Staging|Any CPU.ActiveCfg = Staging|Any CPU
		{68B6427A-163E-41B9-A2B2-792A394C0814}.Staging|Any CPU.Build.0 = Staging|Any CPU
		{3C61E443-D507-458A-8C0C-74F53E3C052D}.Development|Any CPU.ActiveCfg = Development|Any CPU
		{3C61E443-D507-458A-8C0C-74F53E3C052D}.Development|Any CPU.Build.0 = Development|Any CPU
		{3C61E443-D507-458A-8C0C-74F53E3C052D}.Production|Any CPU.ActiveCfg = Production|Any CPU
		{3C61E443-D507-458A-8C0C-74F53E3C052D}.Production|Any CPU.Build.0 = Production|Any CPU
		{3C61E443-D507-458A-8C0C-74F53E3C052D}.Staging|Any CPU.ActiveCfg = Staging|Any CPU
		{3C61E443-D507-458A-8C0C-74F53E3C052D}.Staging|Any CPU.Build.0 = Staging|Any CPU
		{EC289046-2773-4688-9143-080D002D1567}.Development|Any CPU.ActiveCfg = Development|Any CPU
		{EC289046-2773-4688-9143-080D002D1567}.Development|Any CPU.Build.0 = Development|Any CPU
		{EC289046-2773-4688-9143-080D002D1567}.Production|Any CPU.ActiveCfg = Production|Any CPU
		{EC289046-2773-4688-9143-080D002D1567}.Production|Any CPU.Build.0 = Production|Any CPU
		{EC289046-2773-4688-9143-080D002D1567}.Staging|Any CPU.ActiveCfg = Staging|Any CPU
		{EC289046-2773-4688-9143-080D002D1567}.Staging|Any CPU.Build.0 = Staging|Any CPU
		{D6A10A3C-D8D0-425F-9E13-E36D46F5FD48}.Development|Any CPU.ActiveCfg = Development|Any CPU
		{D6A10A3C-D8D0-425F-9E13-E36D46F5FD48}.Development|Any CPU.Build.0 = Development|Any CPU
		{D6A10A3C-D8D0-425F-9E13-E36D46F5FD48}.Production|Any CPU.ActiveCfg = Production|Any CPU
		{D6A10A3C-D8D0-425F-9E13-E36D46F5FD48}.Production|Any CPU.Build.0 = Production|Any CPU
		{D6A10A3C-D8D0-425F-9E13-E36D46F5FD48}.Staging|Any CPU.ActiveCfg = Staging|Any CPU
		{D6A10A3C-D8D0-425F-9E13-E36D46F5FD48}.Staging|Any CPU.Build.0 = Staging|Any CPU
		{D52B0FA4-5AB9-4CFB-9D2D-BAF08643BB10}.Development|Any CPU.ActiveCfg = Development|Any CPU
		{D52B0FA4-5AB9-4CFB-9D2D-BAF08643BB10}.Development|Any CPU.Build.0 = Development|Any CPU
		{D52B0FA4-5AB9-4CFB-9D2D-BAF08643BB10}.Production|Any CPU.ActiveCfg = Production|Any CPU
		{D52B0FA4-5AB9-4CFB-9D2D-BAF08643BB10}.Production|Any CPU.Build.0 = Production|Any CPU
		{D52B0FA4-5AB9-4CFB-9D2D-BAF08643BB10}.Staging|Any CPU.ActiveCfg = Staging|Any CPU
		{D52B0FA4-5AB9-4CFB-9D2D-BAF08643BB10}.Staging|Any CPU.Build.0 = Staging|Any CPU
		{792E83BE-BF62-445F-A930-27AA61C57582}.Development|Any CPU.ActiveCfg = Development|Any CPU
		{792E83BE-BF62-445F-A930-27AA61C57582}.Development|Any CPU.Build.0 = Development|Any CPU
		{792E83BE-BF62-445F-A930-27AA61C57582}.Production|Any CPU.ActiveCfg = Production|Any CPU
		{792E83BE-BF62-445F-A930-27AA61C57582}.Production|Any CPU.Build.0 = Production|Any CPU
		{792E83BE-BF62-445F-A930-27AA61C57582}.Staging|Any CPU.ActiveCfg = Staging|Any CPU
		{792E83BE-BF62-445F-A930-27AA61C57582}.Staging|Any CPU.Build.0 = Staging|Any CPU
		{84DB2924-1BB4-43FB-B533-631228492032}.Development|Any CPU.ActiveCfg = Development|Any CPU
		{84DB2924-1BB4-43FB-B533-631228492032}.Development|Any CPU.Build.0 = Development|Any CPU
		{84DB2924-1BB4-43FB-B533-631228492032}.Production|Any CPU.ActiveCfg = Production|Any CPU
		{84DB2924-1BB4-43FB-B533-631228492032}.Production|Any CPU.Build.0 = Production|Any CPU
		{84DB2924-1BB4-43FB-B533-631228492032}.Staging|Any CPU.ActiveCfg = Staging|Any CPU
		{84DB2924-1BB4-43FB-B533-631228492032}.Staging|Any CPU.Build.0 = Staging|Any CPU
		{B507B824-2734-40F5-B3D6-E68C93A66AA5}.Development|Any CPU.ActiveCfg = Development|Any CPU
		{B507B824-2734-40F5-B3D6-E68C93A66AA5}.Development|Any CPU.Build.0 = Development|Any CPU
		{B507B824-2734-40F5-B3D6-E68C93A66AA5}.Production|Any CPU.ActiveCfg = Production|Any CPU
		{B507B824-2734-40F5-B3D6-E68C93A66AA5}.Production|Any CPU.Build.0 = Production|Any CPU
		{B507B824-2734-40F5-B3D6-E68C93A66AA5}.Staging|Any CPU.ActiveCfg = Staging|Any CPU
		{B507B824-2734-40F5-B3D6-E68C93A66AA5}.Staging|Any CPU.Build.0 = Staging|Any CPU
		{F4B51B6F-97BE-40D0-BCB8-4CECA244E8D0}.Development|Any CPU.ActiveCfg = Development|Any CPU
		{F4B51B6F-97BE-40D0-BCB8-4CECA244E8D0}.Development|Any CPU.Build.0 = Development|Any CPU
		{F4B51B6F-97BE-40D0-BCB8-4CECA244E8D0}.Production|Any CPU.ActiveCfg = Production|Any CPU
		{F4B51B6F-97BE-40D0-BCB8-4CECA244E8D0}.Production|Any CPU.Build.0 = Production|Any CPU
		{F4B51B6F-97BE-40D0-BCB8-4CECA244E8D0}.Staging|Any CPU.ActiveCfg = Staging|Any CPU
		{F4B51B6F-97BE-40D0-BCB8-4CECA244E8D0}.Staging|Any CPU.Build.0 = Staging|Any CPU
		{7726ADC2-103D-4249-BF62-9650DF467178}.Development|Any CPU.ActiveCfg = Development|Any CPU
		{7726ADC2-103D-4249-BF62-9650DF467178}.Development|Any CPU.Build.0 = Development|Any CPU
		{7726ADC2-103D-4249-BF62-9650DF467178}.Production|Any CPU.ActiveCfg = Production|Any CPU
		{7726ADC2-103D-4249-BF62-9650DF467178}.Production|Any CPU.Build.0 = Production|Any CPU
		{7726ADC2-103D-4249-BF62-9650DF467178}.Staging|Any CPU.ActiveCfg = Staging|Any CPU
		{7726ADC2-103D-4249-BF62-9650DF467178}.Staging|Any CPU.Build.0 = Staging|Any CPU
		{63CAF241-5BFD-43A1-B25F-3EB49872C6C5}.Development|Any CPU.ActiveCfg = Development|Any CPU
		{63CAF241-5BFD-43A1-B25F-3EB49872C6C5}.Development|Any CPU.Build.0 = Development|Any CPU
		{63CAF241-5BFD-43A1-B25F-3EB49872C6C5}.Production|Any CPU.ActiveCfg = Production|Any CPU
		{63CAF241-5BFD-43A1-B25F-3EB49872C6C5}.Production|Any CPU.Build.0 = Production|Any CPU
		{63CAF241-5BFD-43A1-B25F-3EB49872C6C5}.Staging|Any CPU.ActiveCfg = Staging|Any CPU
		{63CAF241-5BFD-43A1-B25F-3EB49872C6C5}.Staging|Any CPU.Build.0 = Staging|Any CPU
		{50AFEC15-FFA4-49DB-A806-162CD6ACD399}.Development|Any CPU.ActiveCfg = Development|Any CPU
		{50AFEC15-FFA4-49DB-A806-162CD6ACD399}.Development|Any CPU.Build.0 = Development|Any CPU
		{50AFEC15-FFA4-49DB-A806-162CD6ACD399}.Production|Any CPU.ActiveCfg = Production|Any CPU
		{50AFEC15-FFA4-49DB-A806-162CD6ACD399}.Production|Any CPU.Build.0 = Production|Any CPU
		{50AFEC15-FFA4-49DB-A806-162CD6ACD399}.Staging|Any CPU.ActiveCfg = Staging|Any CPU
		{50AFEC15-FFA4-49DB-A806-162CD6ACD399}.Staging|Any CPU.Build.0 = Staging|Any CPU
		{BBA54AB3-4092-457A-AE69-0D00162B4A8F}.Development|Any CPU.ActiveCfg = Development|Any CPU
		{BBA54AB3-4092-457A-AE69-0D00162B4A8F}.Development|Any CPU.Build.0 = Development|Any CPU
		{BBA54AB3-4092-457A-AE69-0D00162B4A8F}.Production|Any CPU.ActiveCfg = Production|Any CPU
		{BBA54AB3-4092-457A-AE69-0D00162B4A8F}.Production|Any CPU.Build.0 = Production|Any CPU
		{BBA54AB3-4092-457A-AE69-0D00162B4A8F}.Staging|Any CPU.ActiveCfg = Staging|Any CPU
		{BBA54AB3-4092-457A-AE69-0D00162B4A8F}.Staging|Any CPU.Build.0 = Staging|Any CPU
		{C8690D31-9F78-47F1-8E0E-E5CA5DC84DAB}.Development|Any CPU.ActiveCfg = Development|Any CPU
		{C8690D31-9F78-47F1-8E0E-E5CA5DC84DAB}.Development|Any CPU.Build.0 = Development|Any CPU
		{C8690D31-9F78-47F1-8E0E-E5CA5DC84DAB}.Production|Any CPU.ActiveCfg = Production|Any CPU
		{C8690D31-9F78-47F1-8E0E-E5CA5DC84DAB}.Production|Any CPU.Build.0 = Production|Any CPU
		{C8690D31-9F78-47F1-8E0E-E5CA5DC84DAB}.Staging|Any CPU.ActiveCfg = Staging|Any CPU
		{C8690D31-9F78-47F1-8E0E-E5CA5DC84DAB}.Staging|Any CPU.Build.0 = Staging|Any CPU
	EndGlobalSection
	GlobalSection(SolutionProperties) = preSolution
		HideSolutionNode = FALSE
	EndGlobalSection
	GlobalSection(NestedProjects) = preSolution
		{41EE3714-98E2-4D18-B259-BDCF3250C0D2} = {B6057F05-BB87-4B26-A720-2E2EF6436C6C}
		{B209FCC1-8A94-42CB-9D26-BCB4EE991FFB} = {73EB4DB8-90E8-4515-A3D4-CF1CC296085E}
		{18822E29-9A73-4F81-815C-6289465F6DF2} = {73EB4DB8-90E8-4515-A3D4-CF1CC296085E}
		{72113339-B9F9-4993-9353-633C2E3D5FF6} = {73EB4DB8-90E8-4515-A3D4-CF1CC296085E}
		{A0BA8205-F757-41C1-863D-47EB3F9BE9D3} = {B6057F05-BB87-4B26-A720-2E2EF6436C6C}
		{3C293825-DAA0-4523-9109-CF717B0D9A00} = {B6057F05-BB87-4B26-A720-2E2EF6436C6C}
		{C0BEAE72-2B43-4D2F-AFD5-444065AE27CD} = {B6057F05-BB87-4B26-A720-2E2EF6436C6C}
		{68B6427A-163E-41B9-A2B2-792A394C0814} = {B6057F05-BB87-4B26-A720-2E2EF6436C6C}
		{3C61E443-D507-458A-8C0C-74F53E3C052D} = {B6057F05-BB87-4B26-A720-2E2EF6436C6C}
		{D116A220-7108-43D4-A99C-6D4E27DB2D9B} = {C308C572-FFCA-447F-B053-B4C0EEAC8B1B}
		{EC289046-2773-4688-9143-080D002D1567} = {D116A220-7108-43D4-A99C-6D4E27DB2D9B}
		{D6A10A3C-D8D0-425F-9E13-E36D46F5FD48} = {D116A220-7108-43D4-A99C-6D4E27DB2D9B}
		{D52B0FA4-5AB9-4CFB-9D2D-BAF08643BB10} = {D116A220-7108-43D4-A99C-6D4E27DB2D9B}
		{792E83BE-BF62-445F-A930-27AA61C57582} = {D116A220-7108-43D4-A99C-6D4E27DB2D9B}
		{84DB2924-1BB4-43FB-B533-631228492032} = {D116A220-7108-43D4-A99C-6D4E27DB2D9B}
		{B507B824-2734-40F5-B3D6-E68C93A66AA5} = {B6057F05-BB87-4B26-A720-2E2EF6436C6C}
		{F4B51B6F-97BE-40D0-BCB8-4CECA244E8D0} = {B6057F05-BB87-4B26-A720-2E2EF6436C6C}
		{7726ADC2-103D-4249-BF62-9650DF467178} = {B6057F05-BB87-4B26-A720-2E2EF6436C6C}
		{63CAF241-5BFD-43A1-B25F-3EB49872C6C5} = {B6057F05-BB87-4B26-A720-2E2EF6436C6C}
		{50AFEC15-FFA4-49DB-A806-162CD6ACD399} = {D116A220-7108-43D4-A99C-6D4E27DB2D9B}
		{BBA54AB3-4092-457A-AE69-0D00162B4A8F} = {D116A220-7108-43D4-A99C-6D4E27DB2D9B}
		{C8690D31-9F78-47F1-8E0E-E5CA5DC84DAB} = {73EB4DB8-90E8-4515-A3D4-CF1CC296085E}
	EndGlobalSection
EndGlobal
